<Solution>
  <Folder Name="/Common/">
    <Project Path="Common/SharedIds/SharedIds.csproj" />
    <Project Path="Common/StringUtils/StringUtils.csproj" />
  </Folder>
  <Folder Name="/Content-Managers/">
    <Project Path="Content-Managers/MetalsContentManager/MetalsContentManager.csproj" />
  </Folder>
  <Folder Name="/Mods/">
    <Project Path="Mods/ItsStardewCasting/ItsStardewCasting.csproj" />
    <Project Path="Mods/ItsStardewTime/ItsStardewTime.csproj" />
  </Folder>
  <Folder Name="/Tools/">
    <Project Path="Tools/DirectoryTreeDisplay/DirectoryTreeDisplay.csproj" />
    <Project Path="Tools/Writers/Writers.csproj" />
  </Folder>
  <Folder Name="/Content-Packs/">
    <Project Path="Content-Packs/Metal-Assets/casting-machine/casting-machine.csproj"/>
  </Folder>
</Solution>
