<Solution>
  <Folder Name="/Common/">
    <Project Path="Common/StringUtils/StringUtils.csproj" />
    <Project Path="Common/UniqueIds/UniqueIds.csproj" />
  </Folder>
  <Folder Name="/Content-Managers/">
    <Project Path="Content-Managers/MetalsContentManager/MetalsContentManager.csproj" />
  </Folder>
  <Folder Name="/Mods/">
    <Project Path="Mods/ItsStardewCasting/ItsStardewCasting.csproj" />
    <Project Path="Mods/ItsStardewTime/ItsStardewTime.csproj" />
  </Folder>
  <Folder Name="/Tools/">
    <Project Path="Tools/BuildTasks/BuildTasks.csproj" />
    <Project Path="Tools/DirectoryTreeDisplay/DirectoryTreeDisplay.csproj" />
    <Project Path="Tools/UniqueIdsWriter/UniqueIdsWriter.csproj" />
  </Folder>
</Solution>
